uuid: 10ff712b-991e-468b-b3f3-8182b68bb422
langcode: en
status: true
dependencies:
  config:
    - core.entity_view_mode.paragraph.simple_block
    - field.field.paragraph.section.field_body
    - field.field.paragraph.section.field_image
    - field.field.paragraph.section.field_title
    - image.style.medium
    - paragraphs.paragraphs_type.section
  module:
    - image
id: paragraph.section.simple_block
targetEntityType: paragraph
bundle: section
mode: simple_block
content:
  field_body:
    weight: 2
    label: hidden
    settings: {  }
    third_party_settings: {  }
    type: basic_string
    region: content
  field_image:
    weight: 1
    label: hidden
    settings:
      image_style: medium
      image_link: ''
    third_party_settings: {  }
    type: image
    region: content
  field_title:
    weight: 0
    label: hidden
    settings:
      link_to_entity: false
    third_party_settings: {  }
    type: string
    region: content
hidden: {  }
